// !$*UTF8*$!
{
	archiveVersion = 1;
	classes = {
	};
	objectVersion = 46;
	objects = {

/* Begin PBXBuildFile section */
		046B78D31DCDED7200BBA571 /* ZKUDIDManager.m in Sources */ = {isa = PBXBuildFile; fileRef = 046B78D21DCDED7200BBA571 /* ZKUDIDManager.m */; };
		DD99FF881CA97278005045C4 /* main.m in Sources */ = {isa = PBXBuildFile; fileRef = DD99FF871CA97278005045C4 /* main.m */; };
		DD99FF8B1CA97278005045C4 /* AppDelegate.m in Sources */ = {isa = PBXBuildFile; fileRef = DD99FF8A1CA97278005045C4 /* AppDelegate.m */; };
		DD99FF8E1CA97278005045C4 /* ViewController.m in Sources */ = {isa = PBXBuildFile; fileRef = DD99FF8D1CA97278005045C4 /* ViewController.m */; };
		DD99FF911CA97278005045C4 /* Main.storyboard in Resources */ = {isa = PBXBuildFile; fileRef = DD99FF8F1CA97278005045C4 /* Main.storyboard */; };
		DD99FF931CA97278005045C4 /* Assets.xcassets in Resources */ = {isa = PBXBuildFile; fileRef = DD99FF921CA97278005045C4 /* Assets.xcassets */; };
		DD99FF961CA97278005045C4 /* LaunchScreen.storyboard in Resources */ = {isa = PBXBuildFile; fileRef = DD99FF941CA97278005045C4 /* LaunchScreen.storyboard */; };
/* End PBXBuildFile section */

/* Begin PBXFileReference section */
		046B78D11DCDED7200BBA571 /* ZKUDIDManager.h */ = {isa = PBXFileReference; fileEncoding = 4; lastKnownFileType = sourcecode.c.h; path = ZKUDIDManager.h; sourceTree = "<group>"; };
		046B78D21DCDED7200BBA571 /* ZKUDIDManager.m */ = {isa = PBXFileReference; fileEncoding = 4; lastKnownFileType = sourcecode.c.objc; path = ZKUDIDManager.m; sourceTree = "<group>"; };
		046B78D41DCDF4BA00BBA571 /* Demo.entitlements */ = {isa = PBXFileReference; lastKnownFileType = text.plist.entitlements; path = Demo.entitlements; sourceTree = "<group>"; };
		DD99FF831CA97278005045C4 /* Demo.app */ = {isa = PBXFileReference; explicitFileType = wrapper.application; includeInIndex = 0; path = Demo.app; sourceTree = BUILT_PRODUCTS_DIR; };
		DD99FF871CA97278005045C4 /* main.m */ = {isa = PBXFileReference; lastKnownFileType = sourcecode.c.objc; path = main.m; sourceTree = "<group>"; };
		DD99FF891CA97278005045C4 /* AppDelegate.h */ = {isa = PBXFileReference; lastKnownFileType = sourcecode.c.h; path = AppDelegate.h; sourceTree = "<group>"; };
		DD99FF8A1CA97278005045C4 /* AppDelegate.m */ = {isa = PBXFileReference; lastKnownFileType = sourcecode.c.objc; path = AppDelegate.m; sourceTree = "<group>"; };
		DD99FF8C1CA97278005045C4 /* ViewController.h */ = {isa = PBXFileReference; lastKnownFileType = sourcecode.c.h; path = ViewController.h; sourceTree = "<group>"; };
		DD99FF8D1CA97278005045C4 /* ViewController.m */ = {isa = PBXFileReference; lastKnownFileType = sourcecode.c.objc; path = ViewController.m; sourceTree = "<group>"; };
		DD99FF901CA97278005045C4 /* Base */ = {isa = PBXFileReference; lastKnownFileType = file.storyboard; name = Base; path = Base.lproj/Main.storyboard; sourceTree = "<group>"; };
		DD99FF921CA97278005045C4 /* Assets.xcassets */ = {isa = PBXFileReference; lastKnownFileType = folder.assetcatalog; path = Assets.xcassets; sourceTree = "<group>"; };
		DD99FF951CA97278005045C4 /* Base */ = {isa = PBXFileReference; lastKnownFileType = file.storyboard; name = Base; path = Base.lproj/LaunchScreen.storyboard; sourceTree = "<group>"; };
		DD99FF971CA97278005045C4 /* Info.plist */ = {isa = PBXFileReference; lastKnownFileType = text.plist.xml; path = Info.plist; sourceTree = "<group>"; };
/* End PBXFileReference section */

/* Begin PBXFrameworksBuildPhase section */
		DD99FF801CA97278005045C4 /* Frameworks */ = {
			isa = PBXFrameworksBuildPhase;
			buildActionMask = 2147483647;
			files = (
			);
			runOnlyForDeploymentPostprocessing = 0;
		};
/* End PBXFrameworksBuildPhase section */

/* Begin PBXGroup section */
		046B78D01DCDED7200BBA571 /* ZKUDIDManager */ = {
			isa = PBXGroup;
			children = (
				046B78D11DCDED7200BBA571 /* ZKUDIDManager.h */,
				046B78D21DCDED7200BBA571 /* ZKUDIDManager.m */,
			);
			name = ZKUDIDManager;
			path = ../../ZKUDIDManager;
			sourceTree = "<group>";
		};
		DD99FF7A1CA97278005045C4 = {
			isa = PBXGroup;
			children = (
				DD99FF851CA97278005045C4 /* Demo */,
				DD99FF841CA97278005045C4 /* Products */,
			);
			sourceTree = "<group>";
		};
		DD99FF841CA97278005045C4 /* Products */ = {
			isa = PBXGroup;
			children = (
				DD99FF831CA97278005045C4 /* Demo.app */,
			);
			name = Products;
			sourceTree = "<group>";
		};
		DD99FF851CA97278005045C4 /* Demo */ = {
			isa = PBXGroup;
			children = (
				DD99FF891CA97278005045C4 /* AppDelegate.h */,
				DD99FF8A1CA97278005045C4 /* AppDelegate.m */,
				DD99FF8C1CA97278005045C4 /* ViewController.h */,
				DD99FF8D1CA97278005045C4 /* ViewController.m */,
				DD99FF921CA97278005045C4 /* Assets.xcassets */,
				046B78D01DCDED7200BBA571 /* ZKUDIDManager */,
				DD99FF861CA97278005045C4 /* Supporting Files */,
			);
			path = Demo;
			sourceTree = "<group>";
		};
		DD99FF861CA97278005045C4 /* Supporting Files */ = {
			isa = PBXGroup;
			children = (
				DD99FF8F1CA97278005045C4 /* Main.storyboard */,
				DD99FF941CA97278005045C4 /* LaunchScreen.storyboard */,
				DD99FF871CA97278005045C4 /* main.m */,
				DD99FF971CA97278005045C4 /* Info.plist */,
				046B78D41DCDF4BA00BBA571 /* Demo.entitlements */,
			);
			name = "Supporting Files";
			sourceTree = "<group>";
		};
/* End PBXGroup section */

/* Begin PBXNativeTarget section */
		DD99FF821CA97278005045C4 /* Demo */ = {
			isa = PBXNativeTarget;
			buildConfigurationList = DD99FF9A1CA97278005045C4 /* Build configuration list for PBXNativeTarget "Demo" */;
			buildPhases = (
				DD99FF7F1CA97278005045C4 /* Sources */,
				DD99FF801CA97278005045C4 /* Frameworks */,
				DD99FF811CA97278005045C4 /* Resources */,
			);
			buildRules = (
			);
			dependencies = (
			);
			name = Demo;
			productName = Demo;
			productReference = DD99FF831CA97278005045C4 /* Demo.app */;
			productType = "com.apple.product-type.application";
		};
/* End PBXNativeTarget section */

/* Begin PBXProject section */
		DD99FF7B1CA97278005045C4 /* Project object */ = {
			isa = PBXProject;
			attributes = {
				LastUpgradeCheck = 0800;
				ORGANIZATIONNAME = mushank;
				TargetAttributes = {
					DD99FF821CA97278005045C4 = {
						CreatedOnToolsVersion = 7.2.1;
						DevelopmentTeam = FE8QNZJ7C9;
						SystemCapabilities = {
							com.apple.Keychain = {
								enabled = 1;
							};
						};
					};
				};
			};
			buildConfigurationList = DD99FF7E1CA97278005045C4 /* Build configuration list for PBXProject "Demo" */;
			compatibilityVersion = "Xcode 3.2";
			developmentRegion = English;
			hasScannedForEncodings = 0;
			knownRegions = (
				en,
				Base,
			);
			mainGroup = DD99FF7A1CA97278005045C4;
			productRefGroup = DD99FF841CA97278005045C4 /* Products */;
			projectDirPath = "";
			projectRoot = "";
			targets = (
				DD99FF821CA97278005045C4 /* Demo */,
			);
		};
/* End PBXProject section */

/* Begin PBXResourcesBuildPhase section */
		DD99FF811CA97278005045C4 /* Resources */ = {
			isa = PBXResourcesBuildPhase;
			buildActionMask = 2147483647;
			files = (
				DD99FF961CA97278005045C4 /* LaunchScreen.storyboard in Resources */,
				DD99FF931CA97278005045C4 /* Assets.xcassets in Resources */,
				DD99FF911CA97278005045C4 /* Main.storyboard in Resources */,
			);
			runOnlyForDeploymentPostprocessing = 0;
		};
/* End PBXResourcesBuildPhase section */

/* Begin PBXSourcesBuildPhase section */
		DD99FF7F1CA97278005045C4 /* Sources */ = {
			isa = PBXSourcesBuildPhase;
			buildActionMask = 2147483647;
			files = (
				046B78D31DCDED7200BBA571 /* ZKUDIDManager.m in Sources */,
				DD99FF8E1CA97278005045C4 /* ViewController.m in Sources */,
				DD99FF8B1CA97278005045C4 /* AppDelegate.m in Sources */,
				DD99FF881CA97278005045C4 /* main.m in Sources */,
			);
			runOnlyForDeploymentPostprocessing = 0;
		};
/* End PBXSourcesBuildPhase section */

/* Begin PBXVariantGroup section */
		DD99FF8F1CA97278005045C4 /* Main.storyboard */ = {
			isa = PBXVariantGroup;
			children = (
				DD99FF901CA97278005045C4 /* Base */,
			);
			name = Main.storyboard;
			sourceTree = "<group>";
		};
		DD99FF941CA97278005045C4 /* LaunchScreen.storyboard */ = {
			isa = PBXVariantGroup;
			children = (
				DD99FF951CA97278005045C4 /* Base */,
			);
			name = LaunchScreen.storyboard;
			sourceTree = "<group>";
		};
/* End PBXVariantGroup section */

/* Begin XCBuildConfiguration section */
		DD99FF981CA97278005045C4 /* Debug */ = {
			isa = XCBuildConfiguration;
			buildSettings = {
				ALWAYS_SEARCH_USER_PATHS = NO;
				CLANG_CXX_LANGUAGE_STANDARD = "gnu++0x";
				CLANG_CXX_LIBRARY = "libc++";
				CLANG_ENABLE_MODULES = YES;
				CLANG_ENABLE_OBJC_ARC = YES;
				CLANG_WARN_BOOL_CONVERSION = YES;
				CLANG_WARN_CONSTANT_CONVERSION = YES;
				CLANG_WARN_DIRECT_OBJC_ISA_USAGE = YES_ERROR;
				CLANG_WARN_EMPTY_BODY = YES;
				CLANG_WARN_ENUM_CONVERSION = YES;
				CLANG_WARN_INFINITE_RECURSION = YES;
				CLANG_WARN_INT_CONVERSION = YES;
				CLANG_WARN_OBJC_ROOT_CLASS = YES_ERROR;
				CLANG_WARN_SUSPICIOUS_MOVE = YES;
				CLANG_WARN_UNREACHABLE_CODE = YES;
				CLANG_WARN__DUPLICATE_METHOD_MATCH = YES;
				"CODE_SIGN_IDENTITY[sdk=iphoneos*]" = "iPhone Developer";
				COPY_PHASE_STRIP = NO;
				DEBUG_INFORMATION_FORMAT = dwarf;
				ENABLE_STRICT_OBJC_MSGSEND = YES;
				ENABLE_TESTABILITY = YES;
				GCC_C_LANGUAGE_STANDARD = gnu99;
				GCC_DYNAMIC_NO_PIC = NO;
				GCC_NO_COMMON_BLOCKS = YES;
				GCC_OPTIMIZATION_LEVEL = 0;
				GCC_PREPROCESSOR_DEFINITIONS = (
					"DEBUG=1",
					"$(inherited)",
				);
				GCC_WARN_64_TO_32_BIT_CONVERSION = YES;
				GCC_WARN_ABOUT_RETURN_TYPE = YES_ERROR;
				GCC_WARN_UNDECLARED_SELECTOR = YES;
				GCC_WARN_UNINITIALIZED_AUTOS = YES_AGGRESSIVE;
				GCC_WARN_UNUSED_FUNCTION = YES;
				GCC_WARN_UNUSED_VARIABLE = YES;
				IPHONEOS_DEPLOYMENT_TARGET = 8.0;
				MTL_ENABLE_DEBUG_INFO = YES;
				ONLY_ACTIVE_ARCH = YES;
				SDKROOT = iphoneos;
				TARGETED_DEVICE_FAMILY = "1,2";
			};
			name = Debug;
		};
		DD99FF991CA97278005045C4 /* Release */ = {
			isa = XCBuildConfiguration;
			buildSettings = {
				ALWAYS_SEARCH_USER_PATHS = NO;
				CLANG_CXX_LANGUAGE_STANDARD = "gnu++0x";
				CLANG_CXX_LIBRARY = "libc++";
				CLANG_ENABLE_MODULES = YES;
				CLANG_ENABLE_OBJC_ARC = YES;
				CLANG_WARN_BOOL_CONVERSION = YES;
				CLANG_WARN_CONSTANT_CONVERSION = YES;
				CLANG_WARN_DIRECT_OBJC_ISA_USAGE = YES_ERROR;
				CLANG_WARN_EMPTY_BODY = YES;
				CLANG_WARN_ENUM_CONVERSION = YES;
				CLANG_WARN_INFINITE_RECURSION = YES;
				CLANG_WARN_INT_CONVERSION = YES;
				CLANG_WARN_OBJC_ROOT_CLASS = YES_ERROR;
				CLANG_WARN_SUSPICIOUS_MOVE = YES;
				CLANG_WARN_UNREACHABLE_CODE = YES;
				CLANG_WARN__DUPLICATE_METHOD_MATCH = YES;
				"CODE_SIGN_IDENTITY[sdk=iphoneos*]" = "iPhone Developer";
				COPY_PHASE_STRIP = NO;
				DEBUG_INFORMATION_FORMAT = "dwarf-with-dsym";
				ENABLE_NS_ASSERTIONS = NO;
				ENABLE_STRICT_OBJC_MSGSEND = YES;
				GCC_C_LANGUAGE_STANDARD = gnu99;
				GCC_NO_COMMON_BLOCKS = YES;
				GCC_WARN_64_TO_32_BIT_CONVERSION = YES;
				GCC_WARN_ABOUT_RETURN_TYPE = YES_ERROR;
				GCC_WARN_UNDECLARED_SELECTOR = YES;
				GCC_WARN_UNINITIALIZED_AUTOS = YES_AGGRESSIVE;
				GCC_WARN_UNUSED_FUNCTION = YES;
				GCC_WARN_UNUSED_VARIABLE = YES;
				IPHONEOS_DEPLOYMENT_TARGET = 8.0;
				MTL_ENABLE_DEBUG_INFO = NO;
				SDKROOT = iphoneos;
				TARGETED_DEVICE_FAMILY = "1,2";
				VALIDATE_PRODUCT = YES;
			};
			name = Release;
		};
		DD99FF9B1CA97278005045C4 /* Debug */ = {
			isa = XCBuildConfiguration;
			buildSettings = {
				ASSETCATALOG_COMPILER_APPICON_NAME = AppIcon;
				CODE_SIGN_ENTITLEMENTS = Demo/Demo.entitlements;
				DEVELOPMENT_TEAM = FE8QNZJ7C9;
				INFOPLIST_FILE = Demo/Info.plist;
				LD_RUNPATH_SEARCH_PATHS = "$(inherited) @executable_path/Frameworks";
				PRODUCT_BUNDLE_IDENTIFIER = com.mushank.Demo;
				PRODUCT_NAME = "$(TARGET_NAME)";
			};
			name = Debug;
		};
		DD99FF9C1CA97278005045C4 /* Release */ = {
			isa = XCBuildConfiguration;
			buildSettings = {
				ASSETCATALOG_COMPILER_APPICON_NAME = AppIcon;
				CODE_SIGN_ENTITLEMENTS = Demo/Demo.entitlements;
				DEVELOPMENT_TEAM = FE8QNZJ7C9;
				INFOPLIST_FILE = Demo/Info.plist;
				LD_RUNPATH_SEARCH_PATHS = "$(inherited) @executable_path/Frameworks";
				PRODUCT_BUNDLE_IDENTIFIER = com.mushank.Demo;
				PRODUCT_NAME = "$(TARGET_NAME)";
			};
			name = Release;
		};
/* End XCBuildConfiguration section */

/* Begin XCConfigurationList section */
		DD99FF7E1CA97278005045C4 /* Build configuration list for PBXProject "Demo" */ = {
			isa = XCConfigurationList;
			buildConfigurations = (
				DD99FF981CA97278005045C4 /* Debug */,
				DD99FF991CA97278005045C4 /* Release */,
			);
			defaultConfigurationIsVisible = 0;
			defaultConfigurationName = Release;
		};
		DD99FF9A1CA97278005045C4 /* Build configuration list for PBXNativeTarget "Demo" */ = {
			isa = XCConfigurationList;
			buildConfigurations = (
				DD99FF9B1CA97278005045C4 /* Debug */,
				DD99FF9C1CA97278005045C4 /* Release */,
			);
			defaultConfigurationIsVisible = 0;
			defaultConfigurationName = Release;
		};
/* End XCConfigurationList section */
	};
	rootObject = DD99FF7B1CA97278005045C4 /* Project object */;
}
